<?xml version="1.0" encoding="utf-8"?>
<Project ToolsVersion="4.0" xmlns="http://schemas.microsoft.com/developer/msbuild/2003">
  <ItemGroup>
    <Filter Include="Source Files">
      <UniqueIdentifier>{4FC737F1-C7A5-4376-A066-2A32D752A2FF}</UniqueIdentifier>
      <Extensions>cpp;c;cc;cxx;def;odl;idl;hpj;bat;asm;asmx</Extensions>
    </Filter>
    <Filter Include="Header Files">
      <UniqueIdentifier>{93995380-89BD-4b04-88EB-625FBE52EBFB}</UniqueIdentifier>
      <Extensions>h;hh;hpp;hxx;hm;inl;inc;ipp;xsd</Extensions>
    </Filter>
    <Filter Include="Resource Files">
      <UniqueIdentifier>{67DA6AB6-F800-4c08-8B7A-83BB121AAD01}</UniqueIdentifier>
      <Extensions>rc;ico;cur;bmp;dlg;rc2;rct;bin;rgs;gif;jpg;jpeg;jpe;resx;tiff;tif;png;wav;mfcribbon-ms</Extensions>
    </Filter>
  </ItemGroup>
  <ItemGroup>
    <ClCompile Include="Main.cpp">
      <Filter>Source Files</Filter>
    </ClCompile>
    <ClCompile Include="Lasers.cpp">
      <Filter>Source Files</Filter>
    </ClCompile>
    <ClCompile Include="Ships.cpp">
      <Filter>Source Files</Filter>
    </ClCompile>
    <ClCompile Include="BasicEnemy.cpp">
      <Filter>Source Files</Filter>
    </ClCompile>
    <ClCompile Include="GoodLaser.cpp">
      <Filter>Source Files</Filter>
    </ClCompile>
    <ClCompile Include="AllLasers.cpp">
      <Filter>Source Files</Filter>
    </ClCompile>
    <ClCompile Include="TestAllLasers.cpp">
      <Filter>Source Files</Filter>
    </ClCompile>
    <ClCompile Include="AllEnemyShips.cpp">
      <Filter>Source Files</Filter>
    </ClCompile>
    <ClCompile Include="Enemy2.cpp">
      <Filter>Source Files</Filter>
    </ClCompile>
    <ClCompile Include="EnemyBoss.cpp">
      <Filter>Source Files</Filter>
    </ClCompile>
    <ClCompile Include="FriendlyShip.cpp">
      <Filter>Source Files</Filter>
    </ClCompile>
    <ClCompile Include="Game.cpp">
      <Filter>Source Files</Filter>
    </ClCompile>
    <ClCompile Include="Menu.cpp">
      <Filter>Source Files</Filter>
    </ClCompile>
    <ClCompile Include="Button.cpp">
      <Filter>Source Files</Filter>
    </ClCompile>
    <ClCompile Include="HealthDisplay.cpp">
      <Filter>Source Files</Filter>
    </ClCompile>
    <ClCompile Include="TestAllEnemyShips.cpp">
      <Filter>Source Files</Filter>
    </ClCompile>
  </ItemGroup>
  <ItemGroup>
    <ClInclude Include="Lasers.h">
      <Filter>Header Files</Filter>
    </ClInclude>
    <ClInclude Include="Global_Constants.h">
      <Filter>Header Files</Filter>
    </ClInclude>
    <ClInclude Include="Ships.h">
      <Filter>Header Files</Filter>
    </ClInclude>
    <ClInclude Include="BasicEnemy.h">
      <Filter>Header Files</Filter>
    </ClInclude>
    <ClInclude Include="GoodLaser.h">
      <Filter>Header Files</Filter>
    </ClInclude>
    <ClInclude Include="AllLasers.h">
      <Filter>Header Files</Filter>
    </ClInclude>
    <ClInclude Include="TestAllLasers.h">
      <Filter>Header Files</Filter>
    </ClInclude>
    <ClInclude Include="Game.h">
      <Filter>Header Files</Filter>
    </ClInclude>
    <ClInclude Include="FriendlyShip.h">
      <Filter>Header Files</Filter>
    </ClInclude>
    <ClInclude Include="EnemyBoss.h">
      <Filter>Header Files</Filter>
    </ClInclude>
    <ClInclude Include="Enemy2.h">
      <Filter>Header Files</Filter>
    </ClInclude>
    <ClInclude Include="AllEnemyShips.h">
      <Filter>Header Files</Filter>
    </ClInclude>
    <ClInclude Include="Menu.h">
      <Filter>Header Files</Filter>
    </ClInclude>
    <ClInclude Include="Button.h">
      <Filter>Header Files</Filter>
    </ClInclude>
    <ClInclude Include="HealthDisplay.h">
      <Filter>Header Files</Filter>
    </ClInclude>
    <ClInclude Include="TestAllEnemyShips.h">
      <Filter>Header Files</Filter>
    </ClInclude>
  </ItemGroup>
  <ItemGroup>
    <Text Include="readme.txt">
      <Filter>Resource Files</Filter>
    </Text>
  </ItemGroup>
  <ItemGroup>
    <Font Include="ComicSansMS3.ttf">
      <Filter>Resource Files</Filter>
    </Font>
  </ItemGroup>
  <ItemGroup>
    <Image Include="enemyBasicSprite.png">
      <Filter>Resource Files</Filter>
    </Image>
    <Image Include="enemyShipSprite.png">
      <Filter>Resource Files</Filter>
    </Image>
    <Image Include="enemySprite2.png">
      <Filter>Resource Files</Filter>
    </Image>
    <Image Include="friendlyShipSprite.png">
      <Filter>Resource Files</Filter>
    </Image>
    <Image Include="heartSprite.png">
      <Filter>Resource Files</Filter>
    </Image>
    <Image Include="InfoBG.png">
      <Filter>Resource Files</Filter>
    </Image>
    <Image Include="MenuBG.png">
      <Filter>Resource Files</Filter>
    </Image>
    <Image Include="testTexture.png">
      <Filter>Resource Files</Filter>
    </Image>
  </ItemGroup>
</Project>